
Microsoft Visual Studio Solution File, Format Version 12.00
# Visual Studio Version 16
VisualStudioVersion = 16.0.31402.337
MinimumVisualStudioVersion = 10.0.40219.1
Project("{8BC9CEB8-8B4A-11D0-8D11-00A0C91BC942}") = "score_rater_3.0", "score_rater_3.0\score_rater_3.0.vcxproj", "{8137B9C4-F279-4FF2-8368-3006183A7DC5}"
EndProject
Global
	GlobalSection(SolutionConfigurationPlatforms) = preSolution
		Debug|x64 = Debug|x64
		Debug|x86 = Debug|x86
		Release|x64 = Release|x64
		Release|x86 = Release|x86
	EndGlobalSection
	GlobalSection(ProjectConfigurationPlatforms) = postSolution
		{8137B9C4-F279-4FF2-8368-3006183A7DC5}.Debug|x64.ActiveCfg = Debug|x64
		{8137B9C4-F279-4FF2-8368-3006183A7DC5}.Debug|x64.Build.0 = Debug|x64
		{8137B9C4-F279-4FF2-8368-3006183A7DC5}.Debug|x86.ActiveCfg = Debug|Win32
		{8137B9C4-F279-4FF2-8368-3006183A7DC5}.Debug|x86.Build.0 = Debug|Win32
		{8137B9C4-F279-4FF2-8368-3006183A7DC5}.Release|x64.ActiveCfg = Release|x64
		{8137B9C4-F279-4FF2-8368-3006183A7DC5}.Release|x64.Build.0 = Release|x64
		{8137B9C4-F279-4FF2-8368-3006183A7DC5}.Release|x86.ActiveCfg = Release|Win32
		{8137B9C4-F279-4FF2-8368-3006183A7DC5}.Release|x86.Build.0 = Release|Win32
	EndGlobalSection
	GlobalSection(SolutionProperties) = preSolution
		HideSolutionNode = FALSE
	EndGlobalSection
	GlobalSection(ExtensibilityGlobals) = postSolution
		SolutionGuid = {72AC0ECA-A2CA-4876-B605-0AC0BDF742CC}
	EndGlobalSection
EndGlobal
