
Microsoft Visual Studio Solution File, Format Version 12.00
# Visual Studio Version 16
VisualStudioVersion = 16.0.31402.337
MinimumVisualStudioVersion = 10.0.40219.1
Project("{8BC9CEB8-8B4A-11D0-8D11-00A0C91BC942}") = "triple", "triple\triple.vcxproj", "{EED8F2A4-AD93-4FD5-A319-F909541A4304}"
EndProject
Global
	GlobalSection(SolutionConfigurationPlatforms) = preSolution
		Debug|x64 = Debug|x64
		Debug|x86 = Debug|x86
		Release|x64 = Release|x64
		Release|x86 = Release|x86
	EndGlobalSection
	GlobalSection(ProjectConfigurationPlatforms) = postSolution
		{EED8F2A4-AD93-4FD5-A319-F909541A4304}.Debug|x64.ActiveCfg = Debug|x64
		{EED8F2A4-AD93-4FD5-A319-F909541A4304}.Debug|x64.Build.0 = Debug|x64
		{EED8F2A4-AD93-4FD5-A319-F909541A4304}.Debug|x86.ActiveCfg = Debug|Win32
		{EED8F2A4-AD93-4FD5-A319-F909541A4304}.Debug|x86.Build.0 = Debug|Win32
		{EED8F2A4-AD93-4FD5-A319-F909541A4304}.Release|x64.ActiveCfg = Release|x64
		{EED8F2A4-AD93-4FD5-A319-F909541A4304}.Release|x64.Build.0 = Release|x64
		{EED8F2A4-AD93-4FD5-A319-F909541A4304}.Release|x86.ActiveCfg = Release|Win32
		{EED8F2A4-AD93-4FD5-A319-F909541A4304}.Release|x86.Build.0 = Release|Win32
	EndGlobalSection
	GlobalSection(SolutionProperties) = preSolution
		HideSolutionNode = FALSE
	EndGlobalSection
	GlobalSection(ExtensibilityGlobals) = postSolution
		SolutionGuid = {40A449B4-E2F2-4ACD-A133-E5861D3EEDA7}
	EndGlobalSection
EndGlobal
